
Microsoft Visual Studio Solution File, Format Version 12.00
# Visual Studio Version 16
VisualStudioVersion = 16.0.30330.147
MinimumVisualStudioVersion = 10.0.40219.1
Project("{FAE04EC0-301F-11D3-BF4B-00C04F79EFBC}") = "APIstudent", "APIstudent\APIstudent.csproj", "{BA5F6C99-4C35-4280-B523-DA34F115CB66}"
EndProject
Global
	GlobalSection(SolutionConfigurationPlatforms) = preSolution
		Debug|Any CPU = Debug|Any CPU
		Release|Any CPU = Release|Any CPU
	EndGlobalSection
	GlobalSection(ProjectConfigurationPlatforms) = postSolution
		{BA5F6C99-4C35-4280-B523-DA34F115CB66}.Debug|Any CPU.ActiveCfg = Debug|Any CPU
		{BA5F6C99-4C35-4280-B523-DA34F115CB66}.Debug|Any CPU.Build.0 = Debug|Any CPU
		{BA5F6C99-4C35-4280-B523-DA34F115CB66}.Release|Any CPU.ActiveCfg = Release|Any CPU
		{BA5F6C99-4C35-4280-B523-DA34F115CB66}.Release|Any CPU.Build.0 = Release|Any CPU
	EndGlobalSection
	GlobalSection(SolutionProperties) = preSolution
		HideSolutionNode = FALSE
	EndGlobalSection
	GlobalSection(ExtensibilityGlobals) = postSolution
		SolutionGuid = {F3ECFE45-2E05-46E3-817F-5904FC970489}
	EndGlobalSection
EndGlobal
